// !$*UTF8*$!
{
	archiveVersion = 1;
	classes = {
	};
	objectVersion = 46;
	objects = {

/* Begin PBXBuildFile section */
		002EA9E220642CAF00FFA6AE /* Input.cpp in Sources */ = {isa = PBXBuildFile; fileRef = 002EA9D920642CAF00FFA6AE /* Input.cpp */; };
		002EA9E320642CAF00FFA6AE /* Makefile in Sources */ = {isa = PBXBuildFile; fileRef = 002EA9DB20642CAF00FFA6AE /* Makefile */; };
		002EA9E420642CAF00FFA6AE /* Sdl.cpp in Sources */ = {isa = PBXBuildFile; fileRef = 002EA9DC20642CAF00FFA6AE /* Sdl.cpp */; };
		002EA9E520642CAF00FFA6AE /* Sops.cpp in Sources */ = {isa = PBXBuildFile; fileRef = 002EA9DE20642CAF00FFA6AE /* Sops.cpp */; };
		002EA9E620642CAF00FFA6AE /* Sprite.cpp in Sources */ = {isa = PBXBuildFile; fileRef = 002EA9E020642CAF00FFA6AE /* Sprite.cpp */; };
		00BFB6AA20634C340058C04D /* main.cpp in Sources */ = {isa = PBXBuildFile; fileRef = 00BFB6A920634C340058C04D /* main.cpp */; };
		00BFB6B220634C7A0058C04D /* SDL2.framework in Frameworks */ = {isa = PBXBuildFile; fileRef = 00BFB6B120634C7A0058C04D /* SDL2.framework */; };
/* End PBXBuildFile section */

/* Begin PBXCopyFilesBuildPhase section */
		00BFB6A420634C340058C04D /* CopyFiles */ = {
			isa = PBXCopyFilesBuildPhase;
			buildActionMask = 2147483647;
			dstPath = /usr/share/man/man1/;
			dstSubfolderSpec = 0;
			files = (
			);
			runOnlyForDeploymentPostprocessing = 1;
		};
/* End PBXCopyFilesBuildPhase section */

/* Begin PBXFileReference section */
		002EA9D920642CAF00FFA6AE /* Input.cpp */ = {isa = PBXFileReference; fileEncoding = 4; lastKnownFileType = sourcecode.cpp.cpp; name = Input.cpp; path = ../../rects/rect/Input.cpp; sourceTree = "<group>"; };
		002EA9DA20642CAF00FFA6AE /* Input.h */ = {isa = PBXFileReference; fileEncoding = 4; lastKnownFileType = sourcecode.c.h; name = Input.h; path = ../../rects/rect/Input.h; sourceTree = "<group>"; };
		002EA9DB20642CAF00FFA6AE /* Makefile */ = {isa = PBXFileReference; fileEncoding = 4; lastKnownFileType = sourcecode.make; name = Makefile; path = ../../rects/rect/Makefile; sourceTree = "<group>"; };
		002EA9DC20642CAF00FFA6AE /* Sdl.cpp */ = {isa = PBXFileReference; fileEncoding = 4; lastKnownFileType = sourcecode.cpp.cpp; name = Sdl.cpp; path = ../../rects/rect/Sdl.cpp; sourceTree = "<group>"; };
		002EA9DD20642CAF00FFA6AE /* Sdl.h */ = {isa = PBXFileReference; fileEncoding = 4; lastKnownFileType = sourcecode.c.h; name = Sdl.h; path = ../../rects/rect/Sdl.h; sourceTree = "<group>"; };
		002EA9DE20642CAF00FFA6AE /* Sops.cpp */ = {isa = PBXFileReference; fileEncoding = 4; lastKnownFileType = sourcecode.cpp.cpp; name = Sops.cpp; path = ../../rects/rect/Sops.cpp; sourceTree = "<group>"; };
		002EA9DF20642CAF00FFA6AE /* Sops.h */ = {isa = PBXFileReference; fileEncoding = 4; lastKnownFileType = sourcecode.c.h; name = Sops.h; path = ../../rects/rect/Sops.h; sourceTree = "<group>"; };
		002EA9E020642CAF00FFA6AE /* Sprite.cpp */ = {isa = PBXFileReference; fileEncoding = 4; lastKnownFileType = sourcecode.cpp.cpp; name = Sprite.cpp; path = ../../rects/rect/Sprite.cpp; sourceTree = "<group>"; };
		002EA9E120642CAF00FFA6AE /* Sprite.h */ = {isa = PBXFileReference; fileEncoding = 4; lastKnownFileType = sourcecode.c.h; name = Sprite.h; path = ../../rects/rect/Sprite.h; sourceTree = "<group>"; };
		00BFB6A620634C340058C04D /* explosion */ = {isa = PBXFileReference; explicitFileType = "compiled.mach-o.executable"; includeInIndex = 0; path = explosion; sourceTree = BUILT_PRODUCTS_DIR; };
		00BFB6A920634C340058C04D /* main.cpp */ = {isa = PBXFileReference; lastKnownFileType = sourcecode.cpp.cpp; path = main.cpp; sourceTree = "<group>"; };
		00BFB6B120634C7A0058C04D /* SDL2.framework */ = {isa = PBXFileReference; lastKnownFileType = wrapper.framework; name = SDL2.framework; path = ../../../../Library/Frameworks/SDL2.framework; sourceTree = "<group>"; };
/* End PBXFileReference section */

/* Begin PBXFrameworksBuildPhase section */
		00BFB6A320634C340058C04D /* Frameworks */ = {
			isa = PBXFrameworksBuildPhase;
			buildActionMask = 2147483647;
			files = (
				00BFB6B220634C7A0058C04D /* SDL2.framework in Frameworks */,
			);
			runOnlyForDeploymentPostprocessing = 0;
		};
/* End PBXFrameworksBuildPhase section */

/* Begin PBXGroup section */
		00BFB69D20634C340058C04D = {
			isa = PBXGroup;
			children = (
				00BFB6A820634C340058C04D /* explosion */,
				00BFB6A720634C340058C04D /* Products */,
				00BFB6B020634C790058C04D /* Frameworks */,
			);
			sourceTree = "<group>";
		};
		00BFB6A720634C340058C04D /* Products */ = {
			isa = PBXGroup;
			children = (
				00BFB6A620634C340058C04D /* explosion */,
			);
			name = Products;
			sourceTree = "<group>";
		};
		00BFB6A820634C340058C04D /* explosion */ = {
			isa = PBXGroup;
			children = (
				002EA9D920642CAF00FFA6AE /* Input.cpp */,
				002EA9DA20642CAF00FFA6AE /* Input.h */,
				002EA9DB20642CAF00FFA6AE /* Makefile */,
				002EA9DC20642CAF00FFA6AE /* Sdl.cpp */,
				002EA9DD20642CAF00FFA6AE /* Sdl.h */,
				002EA9DE20642CAF00FFA6AE /* Sops.cpp */,
				002EA9DF20642CAF00FFA6AE /* Sops.h */,
				002EA9E020642CAF00FFA6AE /* Sprite.cpp */,
				002EA9E120642CAF00FFA6AE /* Sprite.h */,
				00BFB6A920634C340058C04D /* main.cpp */,
			);
			path = explosion;
			sourceTree = "<group>";
		};
		00BFB6B020634C790058C04D /* Frameworks */ = {
			isa = PBXGroup;
			children = (
				00BFB6B120634C7A0058C04D /* SDL2.framework */,
			);
			name = Frameworks;
			sourceTree = "<group>";
		};
/* End PBXGroup section */

/* Begin PBXNativeTarget section */
		00BFB6A520634C340058C04D /* explosion */ = {
			isa = PBXNativeTarget;
			buildConfigurationList = 00BFB6AD20634C340058C04D /* Build configuration list for PBXNativeTarget "explosion" */;
			buildPhases = (
				00BFB6A220634C340058C04D /* Sources */,
				00BFB6A320634C340058C04D /* Frameworks */,
				00BFB6A420634C340058C04D /* CopyFiles */,
			);
			buildRules = (
			);
			dependencies = (
			);
			name = explosion;
			productName = explosion;
			productReference = 00BFB6A620634C340058C04D /* explosion */;
			productType = "com.apple.product-type.tool";
		};
/* End PBXNativeTarget section */

/* Begin PBXProject section */
		00BFB69E20634C340058C04D /* Project object */ = {
			isa = PBXProject;
			attributes = {
				LastUpgradeCheck = 0830;
				ORGANIZATIONNAME = "Lynn Hyerin Sohn";
				TargetAttributes = {
					00BFB6A520634C340058C04D = {
						CreatedOnToolsVersion = 8.3.3;
						ProvisioningStyle = Automatic;
					};
				};
			};
			buildConfigurationList = 00BFB6A120634C340058C04D /* Build configuration list for PBXProject "explosion" */;
			compatibilityVersion = "Xcode 3.2";
			developmentRegion = English;
			hasScannedForEncodings = 0;
			knownRegions = (
				en,
			);
			mainGroup = 00BFB69D20634C340058C04D;
			productRefGroup = 00BFB6A720634C340058C04D /* Products */;
			projectDirPath = "";
			projectRoot = "";
			targets = (
				00BFB6A520634C340058C04D /* explosion */,
			);
		};
/* End PBXProject section */

/* Begin PBXSourcesBuildPhase section */
		00BFB6A220634C340058C04D /* Sources */ = {
			isa = PBXSourcesBuildPhase;
			buildActionMask = 2147483647;
			files = (
				002EA9E320642CAF00FFA6AE /* Makefile in Sources */,
				002EA9E220642CAF00FFA6AE /* Input.cpp in Sources */,
				002EA9E620642CAF00FFA6AE /* Sprite.cpp in Sources */,
				00BFB6AA20634C340058C04D /* main.cpp in Sources */,
				002EA9E420642CAF00FFA6AE /* Sdl.cpp in Sources */,
				002EA9E520642CAF00FFA6AE /* Sops.cpp in Sources */,
			);
			runOnlyForDeploymentPostprocessing = 0;
		};
/* End PBXSourcesBuildPhase section */

/* Begin XCBuildConfiguration section */
		00BFB6AB20634C340058C04D /* Debug */ = {
			isa = XCBuildConfiguration;
			buildSettings = {
				ALWAYS_SEARCH_USER_PATHS = NO;
				CLANG_ANALYZER_NONNULL = YES;
				CLANG_ANALYZER_NUMBER_OBJECT_CONVERSION = YES_AGGRESSIVE;
				CLANG_CXX_LANGUAGE_STANDARD = "gnu++0x";
				CLANG_CXX_LIBRARY = "libc++";
				CLANG_ENABLE_MODULES = YES;
				CLANG_ENABLE_OBJC_ARC = YES;
				CLANG_WARN_BOOL_CONVERSION = YES;
				CLANG_WARN_CONSTANT_CONVERSION = YES;
				CLANG_WARN_DIRECT_OBJC_ISA_USAGE = YES_ERROR;
				CLANG_WARN_DOCUMENTATION_COMMENTS = YES;
				CLANG_WARN_EMPTY_BODY = YES;
				CLANG_WARN_ENUM_CONVERSION = YES;
				CLANG_WARN_INFINITE_RECURSION = YES;
				CLANG_WARN_INT_CONVERSION = YES;
				CLANG_WARN_OBJC_ROOT_CLASS = YES_ERROR;
				CLANG_WARN_SUSPICIOUS_MOVE = YES;
				CLANG_WARN_UNREACHABLE_CODE = YES;
				CLANG_WARN__DUPLICATE_METHOD_MATCH = YES;
				CODE_SIGN_IDENTITY = "-";
				COPY_PHASE_STRIP = NO;
				DEBUG_INFORMATION_FORMAT = dwarf;
				ENABLE_STRICT_OBJC_MSGSEND = YES;
				ENABLE_TESTABILITY = YES;
				GCC_C_LANGUAGE_STANDARD = gnu99;
				GCC_DYNAMIC_NO_PIC = NO;
				GCC_NO_COMMON_BLOCKS = YES;
				GCC_OPTIMIZATION_LEVEL = 0;
				GCC_PREPROCESSOR_DEFINITIONS = (
					"DEBUG=1",
					"$(inherited)",
				);
				GCC_WARN_64_TO_32_BIT_CONVERSION = YES;
				GCC_WARN_ABOUT_RETURN_TYPE = YES_ERROR;
				GCC_WARN_UNDECLARED_SELECTOR = YES;
				GCC_WARN_UNINITIALIZED_AUTOS = YES_AGGRESSIVE;
				GCC_WARN_UNUSED_FUNCTION = YES;
				GCC_WARN_UNUSED_VARIABLE = YES;
				MACOSX_DEPLOYMENT_TARGET = 10.12;
				MTL_ENABLE_DEBUG_INFO = YES;
				ONLY_ACTIVE_ARCH = YES;
				SDKROOT = macosx;
			};
			name = Debug;
		};
		00BFB6AC20634C340058C04D /* Release */ = {
			isa = XCBuildConfiguration;
			buildSettings = {
				ALWAYS_SEARCH_USER_PATHS = NO;
				CLANG_ANALYZER_NONNULL = YES;
				CLANG_ANALYZER_NUMBER_OBJECT_CONVERSION = YES_AGGRESSIVE;
				CLANG_CXX_LANGUAGE_STANDARD = "gnu++0x";
				CLANG_CXX_LIBRARY = "libc++";
				CLANG_ENABLE_MODULES = YES;
				CLANG_ENABLE_OBJC_ARC = YES;
				CLANG_WARN_BOOL_CONVERSION = YES;
				CLANG_WARN_CONSTANT_CONVERSION = YES;
				CLANG_WARN_DIRECT_OBJC_ISA_USAGE = YES_ERROR;
				CLANG_WARN_DOCUMENTATION_COMMENTS = YES;
				CLANG_WARN_EMPTY_BODY = YES;
				CLANG_WARN_ENUM_CONVERSION = YES;
				CLANG_WARN_INFINITE_RECURSION = YES;
				CLANG_WARN_INT_CONVERSION = YES;
				CLANG_WARN_OBJC_ROOT_CLASS = YES_ERROR;
				CLANG_WARN_SUSPICIOUS_MOVE = YES;
				CLANG_WARN_UNREACHABLE_CODE = YES;
				CLANG_WARN__DUPLICATE_METHOD_MATCH = YES;
				CODE_SIGN_IDENTITY = "-";
				COPY_PHASE_STRIP = NO;
				DEBUG_INFORMATION_FORMAT = "dwarf-with-dsym";
				ENABLE_NS_ASSERTIONS = NO;
				ENABLE_STRICT_OBJC_MSGSEND = YES;
				GCC_C_LANGUAGE_STANDARD = gnu99;
				GCC_NO_COMMON_BLOCKS = YES;
				GCC_WARN_64_TO_32_BIT_CONVERSION = YES;
				GCC_WARN_ABOUT_RETURN_TYPE = YES_ERROR;
				GCC_WARN_UNDECLARED_SELECTOR = YES;
				GCC_WARN_UNINITIALIZED_AUTOS = YES_AGGRESSIVE;
				GCC_WARN_UNUSED_FUNCTION = YES;
				GCC_WARN_UNUSED_VARIABLE = YES;
				MACOSX_DEPLOYMENT_TARGET = 10.12;
				MTL_ENABLE_DEBUG_INFO = NO;
				SDKROOT = macosx;
			};
			name = Release;
		};
		00BFB6AE20634C340058C04D /* Debug */ = {
			isa = XCBuildConfiguration;
			buildSettings = {
				FRAMEWORK_SEARCH_PATHS = (
					"$(inherited)",
					"$(USER_LIBRARY_DIR)/Frameworks",
				);
				HEADER_SEARCH_PATHS = /usr/local/include;
				PRODUCT_NAME = "$(TARGET_NAME)";
			};
			name = Debug;
		};
		00BFB6AF20634C340058C04D /* Release */ = {
			isa = XCBuildConfiguration;
			buildSettings = {
				FRAMEWORK_SEARCH_PATHS = (
					"$(inherited)",
					"$(USER_LIBRARY_DIR)/Frameworks",
				);
				HEADER_SEARCH_PATHS = /usr/local/include;
				PRODUCT_NAME = "$(TARGET_NAME)";
			};
			name = Release;
		};
/* End XCBuildConfiguration section */

/* Begin XCConfigurationList section */
		00BFB6A120634C340058C04D /* Build configuration list for PBXProject "explosion" */ = {
			isa = XCConfigurationList;
			buildConfigurations = (
				00BFB6AB20634C340058C04D /* Debug */,
				00BFB6AC20634C340058C04D /* Release */,
			);
			defaultConfigurationIsVisible = 0;
			defaultConfigurationName = Release;
		};
		00BFB6AD20634C340058C04D /* Build configuration list for PBXNativeTarget "explosion" */ = {
			isa = XCConfigurationList;
			buildConfigurations = (
				00BFB6AE20634C340058C04D /* Debug */,
				00BFB6AF20634C340058C04D /* Release */,
			);
			defaultConfigurationIsVisible = 0;
			defaultConfigurationName = Release;
		};
/* End XCConfigurationList section */
	};
	rootObject = 00BFB69E20634C340058C04D /* Project object */;
}
